
Microsoft Visual Studio Solution File, Format Version 12.00
# Visual Studio Version 16
VisualStudioVersion = 16.0.30517.126
MinimumVisualStudioVersion = 10.0.40219.1
Project("{FAE04EC0-301F-11D3-BF4B-00C04F79EFBC}") = "SchroedingerDelegateBar", "SchroedingerDelegateBar\SchroedingerDelegateBar.csproj", "{BDBC2A20-4411-4C19-9A8C-84EF346E4FBA}"
EndProject
Global
	GlobalSection(SolutionConfigurationPlatforms) = preSolution
		Debug|Any CPU = Debug|Any CPU
		Release|Any CPU = Release|Any CPU
	EndGlobalSection
	GlobalSection(ProjectConfigurationPlatforms) = postSolution
		{BDBC2A20-4411-4C19-9A8C-84EF346E4FBA}.Debug|Any CPU.ActiveCfg = Debug|Any CPU
		{BDBC2A20-4411-4C19-9A8C-84EF346E4FBA}.Debug|Any CPU.Build.0 = Debug|Any CPU
		{BDBC2A20-4411-4C19-9A8C-84EF346E4FBA}.Release|Any CPU.ActiveCfg = Release|Any CPU
		{BDBC2A20-4411-4C19-9A8C-84EF346E4FBA}.Release|Any CPU.Build.0 = Release|Any CPU
	EndGlobalSection
	GlobalSection(SolutionProperties) = preSolution
		HideSolutionNode = FALSE
	EndGlobalSection
	GlobalSection(ExtensibilityGlobals) = postSolution
		SolutionGuid = {B11A1C07-4930-43DB-8725-4FECE9503B4C}
	EndGlobalSection
EndGlobal
